// !$*UTF8*$!
{
	archiveVersion = 1;
	classes = {
	};
	objectVersion = 50;
	objects = {

/* Begin PBXBuildFile section */
		453A46A3267255DF006E57D0 /* Settings.bundle in Resources */ = {isa = PBXBuildFile; fileRef = 453A46A2267255DF006E57D0 /* Settings.bundle */; };
		45E634832670ECD00047F36C /* AppDelegate.swift in Sources */ = {isa = PBXBuildFile; fileRef = 45E634822670ECD00047F36C /* AppDelegate.swift */; };
		45E634852670ECD00047F36C /* SceneDelegate.swift in Sources */ = {isa = PBXBuildFile; fileRef = 45E634842670ECD00047F36C /* SceneDelegate.swift */; };
		45E6348A2670ECD00047F36C /* Main.storyboard in Resources */ = {isa = PBXBuildFile; fileRef = 45E634882670ECD00047F36C /* Main.storyboard */; };
		45E6348C2670ECD50047F36C /* Assets.xcassets in Resources */ = {isa = PBXBuildFile; fileRef = 45E6348B2670ECD50047F36C /* Assets.xcassets */; };
		45E6348F2670ECD50047F36C /* LaunchScreen.storyboard in Resources */ = {isa = PBXBuildFile; fileRef = 45E6348D2670ECD50047F36C /* LaunchScreen.storyboard */; };
		45E634992670EECF0047F36C /* quotes.json in Resources */ = {isa = PBXBuildFile; fileRef = 45E634972670EECF0047F36C /* quotes.json */; };
		45E6349A2670EECF0047F36C /* Savoye LET.ttc in Resources */ = {isa = PBXBuildFile; fileRef = 45E634982670EECF0047F36C /* Savoye LET.ttc */; };
		45E634A12670FC500047F36C /* QuotesViewController.swift in Sources */ = {isa = PBXBuildFile; fileRef = 45E634A02670FC500047F36C /* QuotesViewController.swift */; };
		45E634A52670FCDD0047F36C /* SettingsViewController.swift in Sources */ = {isa = PBXBuildFile; fileRef = 45E634A42670FCDD0047F36C /* SettingsViewController.swift */; };
		45E634AC2671002C0047F36C /* Quote.swift in Sources */ = {isa = PBXBuildFile; fileRef = 45E634AB2671002C0047F36C /* Quote.swift */; };
		45E634B1267100890047F36C /* QuotesManager.swift in Sources */ = {isa = PBXBuildFile; fileRef = 45E634B0267100890047F36C /* QuotesManager.swift */; };
		45E634B4267100C50047F36C /* Configuration.swift in Sources */ = {isa = PBXBuildFile; fileRef = 45E634B3267100C50047F36C /* Configuration.swift */; };
/* End PBXBuildFile section */

/* Begin PBXFileReference section */
		453A46A2267255DF006E57D0 /* Settings.bundle */ = {isa = PBXFileReference; lastKnownFileType = "wrapper.plug-in"; path = Settings.bundle; sourceTree = SOURCE_ROOT; };
		45E6347F2670ECD00047F36C /* Pensamentos.app */ = {isa = PBXFileReference; explicitFileType = wrapper.application; includeInIndex = 0; path = Pensamentos.app; sourceTree = BUILT_PRODUCTS_DIR; };
		45E634822670ECD00047F36C /* AppDelegate.swift */ = {isa = PBXFileReference; lastKnownFileType = sourcecode.swift; path = AppDelegate.swift; sourceTree = "<group>"; };
		45E634842670ECD00047F36C /* SceneDelegate.swift */ = {isa = PBXFileReference; lastKnownFileType = sourcecode.swift; path = SceneDelegate.swift; sourceTree = "<group>"; };
		45E634892670ECD00047F36C /* Base */ = {isa = PBXFileReference; lastKnownFileType = file.storyboard; name = Base; path = Base.lproj/Main.storyboard; sourceTree = "<group>"; };
		45E6348B2670ECD50047F36C /* Assets.xcassets */ = {isa = PBXFileReference; lastKnownFileType = folder.assetcatalog; path = Assets.xcassets; sourceTree = "<group>"; };
		45E6348E2670ECD50047F36C /* Base */ = {isa = PBXFileReference; lastKnownFileType = file.storyboard; name = Base; path = Base.lproj/LaunchScreen.storyboard; sourceTree = "<group>"; };
		45E634902670ECD50047F36C /* Info.plist */ = {isa = PBXFileReference; lastKnownFileType = text.plist.xml; path = Info.plist; sourceTree = "<group>"; };
		45E634972670EECF0047F36C /* quotes.json */ = {isa = PBXFileReference; fileEncoding = 4; lastKnownFileType = text.json; path = quotes.json; sourceTree = "<group>"; };
		45E634982670EECF0047F36C /* Savoye LET.ttc */ = {isa = PBXFileReference; lastKnownFileType = file; path = "Savoye LET.ttc"; sourceTree = "<group>"; };
		45E634A02670FC500047F36C /* QuotesViewController.swift */ = {isa = PBXFileReference; lastKnownFileType = sourcecode.swift; path = QuotesViewController.swift; sourceTree = "<group>"; };
		45E634A42670FCDD0047F36C /* SettingsViewController.swift */ = {isa = PBXFileReference; lastKnownFileType = sourcecode.swift; path = SettingsViewController.swift; sourceTree = "<group>"; };
		45E634AB2671002C0047F36C /* Quote.swift */ = {isa = PBXFileReference; lastKnownFileType = sourcecode.swift; path = Quote.swift; sourceTree = "<group>"; };
		45E634B0267100890047F36C /* QuotesManager.swift */ = {isa = PBXFileReference; lastKnownFileType = sourcecode.swift; path = QuotesManager.swift; sourceTree = "<group>"; };
		45E634B3267100C50047F36C /* Configuration.swift */ = {isa = PBXFileReference; lastKnownFileType = sourcecode.swift; path = Configuration.swift; sourceTree = "<group>"; };
/* End PBXFileReference section */

/* Begin PBXFrameworksBuildPhase section */
		45E6347C2670ECD00047F36C /* Frameworks */ = {
			isa = PBXFrameworksBuildPhase;
			buildActionMask = 2147483647;
			files = (
			);
			runOnlyForDeploymentPostprocessing = 0;
		};
/* End PBXFrameworksBuildPhase section */

/* Begin PBXGroup section */
		45E634762670ECD00047F36C = {
			isa = PBXGroup;
			children = (
				45E634812670ECD00047F36C /* Pensamentos */,
				453A46A2267255DF006E57D0 /* Settings.bundle */,
				45E634802670ECD00047F36C /* Products */,
			);
			sourceTree = "<group>";
		};
		45E634802670ECD00047F36C /* Products */ = {
			isa = PBXGroup;
			children = (
				45E6347F2670ECD00047F36C /* Pensamentos.app */,
			);
			name = Products;
			sourceTree = "<group>";
		};
		45E634812670ECD00047F36C /* Pensamentos */ = {
			isa = PBXGroup;
			children = (
				45E634822670ECD00047F36C /* AppDelegate.swift */,
				45E634842670ECD00047F36C /* SceneDelegate.swift */,
				45E6348B2670ECD50047F36C /* Assets.xcassets */,
				45E634902670ECD50047F36C /* Info.plist */,
				45E6349C2670EEDC0047F36C /* Files */,
				45E634AE267100530047F36C /* Models */,
				45E634A92670FD240047F36C /* Views */,
				45E634A72670FD060047F36C /* Controllers */,
			);
			path = Pensamentos;
			sourceTree = "<group>";
		};
		45E6349C2670EEDC0047F36C /* Files */ = {
			isa = PBXGroup;
			children = (
				45E634982670EECF0047F36C /* Savoye LET.ttc */,
				45E634972670EECF0047F36C /* quotes.json */,
			);
			path = Files;
			sourceTree = "<group>";
		};
		45E634A72670FD060047F36C /* Controllers */ = {
			isa = PBXGroup;
			children = (
				45E634A42670FCDD0047F36C /* SettingsViewController.swift */,
				45E634A02670FC500047F36C /* QuotesViewController.swift */,
			);
			path = Controllers;
			sourceTree = "<group>";
		};
		45E634A92670FD240047F36C /* Views */ = {
			isa = PBXGroup;
			children = (
				45E634882670ECD00047F36C /* Main.storyboard */,
				45E6348D2670ECD50047F36C /* LaunchScreen.storyboard */,
			);
			path = Views;
			sourceTree = "<group>";
		};
		45E634AE267100530047F36C /* Models */ = {
			isa = PBXGroup;
			children = (
				45E634AB2671002C0047F36C /* Quote.swift */,
				45E634B0267100890047F36C /* QuotesManager.swift */,
				45E634B3267100C50047F36C /* Configuration.swift */,
			);
			path = Models;
			sourceTree = "<group>";
		};
/* End PBXGroup section */

/* Begin PBXNativeTarget section */
		45E6347E2670ECD00047F36C /* Pensamentos */ = {
			isa = PBXNativeTarget;
			buildConfigurationList = 45E634932670ECD50047F36C /* Build configuration list for PBXNativeTarget "Pensamentos" */;
			buildPhases = (
				45E6347B2670ECD00047F36C /* Sources */,
				45E6347C2670ECD00047F36C /* Frameworks */,
				45E6347D2670ECD00047F36C /* Resources */,
			);
			buildRules = (
			);
			dependencies = (
			);
			name = Pensamentos;
			productName = Pensamentos;
			productReference = 45E6347F2670ECD00047F36C /* Pensamentos.app */;
			productType = "com.apple.product-type.application";
		};
/* End PBXNativeTarget section */

/* Begin PBXProject section */
		45E634772670ECD00047F36C /* Project object */ = {
			isa = PBXProject;
			attributes = {
				LastSwiftUpdateCheck = 1210;
				LastUpgradeCheck = 1210;
				TargetAttributes = {
					45E6347E2670ECD00047F36C = {
						CreatedOnToolsVersion = 12.1;
					};
				};
			};
			buildConfigurationList = 45E6347A2670ECD00047F36C /* Build configuration list for PBXProject "Pensamentos" */;
			compatibilityVersion = "Xcode 9.3";
			developmentRegion = en;
			hasScannedForEncodings = 0;
			knownRegions = (
				en,
				Base,
			);
			mainGroup = 45E634762670ECD00047F36C;
			productRefGroup = 45E634802670ECD00047F36C /* Products */;
			projectDirPath = "";
			projectRoot = "";
			targets = (
				45E6347E2670ECD00047F36C /* Pensamentos */,
			);
		};
/* End PBXProject section */

/* Begin PBXResourcesBuildPhase section */
		45E6347D2670ECD00047F36C /* Resources */ = {
			isa = PBXResourcesBuildPhase;
			buildActionMask = 2147483647;
			files = (
				45E634992670EECF0047F36C /* quotes.json in Resources */,
				45E6348F2670ECD50047F36C /* LaunchScreen.storyboard in Resources */,
				45E6348C2670ECD50047F36C /* Assets.xcassets in Resources */,
				45E6349A2670EECF0047F36C /* Savoye LET.ttc in Resources */,
				453A46A3267255DF006E57D0 /* Settings.bundle in Resources */,
				45E6348A2670ECD00047F36C /* Main.storyboard in Resources */,
			);
			runOnlyForDeploymentPostprocessing = 0;
		};
/* End PBXResourcesBuildPhase section */

/* Begin PBXSourcesBuildPhase section */
		45E6347B2670ECD00047F36C /* Sources */ = {
			isa = PBXSourcesBuildPhase;
			buildActionMask = 2147483647;
			files = (
				45E634A12670FC500047F36C /* QuotesViewController.swift in Sources */,
				45E634832670ECD00047F36C /* AppDelegate.swift in Sources */,
				45E634B4267100C50047F36C /* Configuration.swift in Sources */,
				45E634852670ECD00047F36C /* SceneDelegate.swift in Sources */,
				45E634AC2671002C0047F36C /* Quote.swift in Sources */,
				45E634B1267100890047F36C /* QuotesManager.swift in Sources */,
				45E634A52670FCDD0047F36C /* SettingsViewController.swift in Sources */,
			);
			runOnlyForDeploymentPostprocessing = 0;
		};
/* End PBXSourcesBuildPhase section */

/* Begin PBXVariantGroup section */
		45E634882670ECD00047F36C /* Main.storyboard */ = {
			isa = PBXVariantGroup;
			children = (
				45E634892670ECD00047F36C /* Base */,
			);
			name = Main.storyboard;
			sourceTree = "<group>";
		};
		45E6348D2670ECD50047F36C /* LaunchScreen.storyboard */ = {
			isa = PBXVariantGroup;
			children = (
				45E6348E2670ECD50047F36C /* Base */,
			);
			name = LaunchScreen.storyboard;
			sourceTree = "<group>";
		};
/* End PBXVariantGroup section */

/* Begin XCBuildConfiguration section */
		45E634912670ECD50047F36C /* Debug */ = {
			isa = XCBuildConfiguration;
			buildSettings = {
				ALWAYS_SEARCH_USER_PATHS = NO;
				CLANG_ANALYZER_NONNULL = YES;
				CLANG_ANALYZER_NUMBER_OBJECT_CONVERSION = YES_AGGRESSIVE;
				CLANG_CXX_LANGUAGE_STANDARD = "gnu++14";
				CLANG_CXX_LIBRARY = "libc++";
				CLANG_ENABLE_MODULES = YES;
				CLANG_ENABLE_OBJC_ARC = YES;
				CLANG_ENABLE_OBJC_WEAK = YES;
				CLANG_WARN_BLOCK_CAPTURE_AUTORELEASING = YES;
				CLANG_WARN_BOOL_CONVERSION = YES;
				CLANG_WARN_COMMA = YES;
				CLANG_WARN_CONSTANT_CONVERSION = YES;
				CLANG_WARN_DEPRECATED_OBJC_IMPLEMENTATIONS = YES;
				CLANG_WARN_DIRECT_OBJC_ISA_USAGE = YES_ERROR;
				CLANG_WARN_DOCUMENTATION_COMMENTS = YES;
				CLANG_WARN_EMPTY_BODY = YES;
				CLANG_WARN_ENUM_CONVERSION = YES;
				CLANG_WARN_INFINITE_RECURSION = YES;
				CLANG_WARN_INT_CONVERSION = YES;
				CLANG_WARN_NON_LITERAL_NULL_CONVERSION = YES;
				CLANG_WARN_OBJC_IMPLICIT_RETAIN_SELF = YES;
				CLANG_WARN_OBJC_LITERAL_CONVERSION = YES;
				CLANG_WARN_OBJC_ROOT_CLASS = YES_ERROR;
				CLANG_WARN_QUOTED_INCLUDE_IN_FRAMEWORK_HEADER = YES;
				CLANG_WARN_RANGE_LOOP_ANALYSIS = YES;
				CLANG_WARN_STRICT_PROTOTYPES = YES;
				CLANG_WARN_SUSPICIOUS_MOVE = YES;
				CLANG_WARN_UNGUARDED_AVAILABILITY = YES_AGGRESSIVE;
				CLANG_WARN_UNREACHABLE_CODE = YES;
				CLANG_WARN__DUPLICATE_METHOD_MATCH = YES;
				COPY_PHASE_STRIP = NO;
				DEBUG_INFORMATION_FORMAT = dwarf;
				ENABLE_STRICT_OBJC_MSGSEND = YES;
				ENABLE_TESTABILITY = YES;
				GCC_C_LANGUAGE_STANDARD = gnu11;
				GCC_DYNAMIC_NO_PIC = NO;
				GCC_NO_COMMON_BLOCKS = YES;
				GCC_OPTIMIZATION_LEVEL = 0;
				GCC_PREPROCESSOR_DEFINITIONS = (
					"DEBUG=1",
					"$(inherited)",
				);
				GCC_WARN_64_TO_32_BIT_CONVERSION = YES;
				GCC_WARN_ABOUT_RETURN_TYPE = YES_ERROR;
				GCC_WARN_UNDECLARED_SELECTOR = YES;
				GCC_WARN_UNINITIALIZED_AUTOS = YES_AGGRESSIVE;
				GCC_WARN_UNUSED_FUNCTION = YES;
				GCC_WARN_UNUSED_VARIABLE = YES;
				IPHONEOS_DEPLOYMENT_TARGET = 14.1;
				MTL_ENABLE_DEBUG_INFO = INCLUDE_SOURCE;
				MTL_FAST_MATH = YES;
				ONLY_ACTIVE_ARCH = YES;
				SDKROOT = iphoneos;
				SWIFT_ACTIVE_COMPILATION_CONDITIONS = DEBUG;
				SWIFT_OPTIMIZATION_LEVEL = "-Onone";
			};
			name = Debug;
		};
		45E634922670ECD50047F36C /* Release */ = {
			isa = XCBuildConfiguration;
			buildSettings = {
				ALWAYS_SEARCH_USER_PATHS = NO;
				CLANG_ANALYZER_NONNULL = YES;
				CLANG_ANALYZER_NUMBER_OBJECT_CONVERSION = YES_AGGRESSIVE;
				CLANG_CXX_LANGUAGE_STANDARD = "gnu++14";
				CLANG_CXX_LIBRARY = "libc++";
				CLANG_ENABLE_MODULES = YES;
				CLANG_ENABLE_OBJC_ARC = YES;
				CLANG_ENABLE_OBJC_WEAK = YES;
				CLANG_WARN_BLOCK_CAPTURE_AUTORELEASING = YES;
				CLANG_WARN_BOOL_CONVERSION = YES;
				CLANG_WARN_COMMA = YES;
				CLANG_WARN_CONSTANT_CONVERSION = YES;
				CLANG_WARN_DEPRECATED_OBJC_IMPLEMENTATIONS = YES;
				CLANG_WARN_DIRECT_OBJC_ISA_USAGE = YES_ERROR;
				CLANG_WARN_DOCUMENTATION_COMMENTS = YES;
				CLANG_WARN_EMPTY_BODY = YES;
				CLANG_WARN_ENUM_CONVERSION = YES;
				CLANG_WARN_INFINITE_RECURSION = YES;
				CLANG_WARN_INT_CONVERSION = YES;
				CLANG_WARN_NON_LITERAL_NULL_CONVERSION = YES;
				CLANG_WARN_OBJC_IMPLICIT_RETAIN_SELF = YES;
				CLANG_WARN_OBJC_LITERAL_CONVERSION = YES;
				CLANG_WARN_OBJC_ROOT_CLASS = YES_ERROR;
				CLANG_WARN_QUOTED_INCLUDE_IN_FRAMEWORK_HEADER = YES;
				CLANG_WARN_RANGE_LOOP_ANALYSIS = YES;
				CLANG_WARN_STRICT_PROTOTYPES = YES;
				CLANG_WARN_SUSPICIOUS_MOVE = YES;
				CLANG_WARN_UNGUARDED_AVAILABILITY = YES_AGGRESSIVE;
				CLANG_WARN_UNREACHABLE_CODE = YES;
				CLANG_WARN__DUPLICATE_METHOD_MATCH = YES;
				COPY_PHASE_STRIP = NO;
				DEBUG_INFORMATION_FORMAT = "dwarf-with-dsym";
				ENABLE_NS_ASSERTIONS = NO;
				ENABLE_STRICT_OBJC_MSGSEND = YES;
				GCC_C_LANGUAGE_STANDARD = gnu11;
				GCC_NO_COMMON_BLOCKS = YES;
				GCC_WARN_64_TO_32_BIT_CONVERSION = YES;
				GCC_WARN_ABOUT_RETURN_TYPE = YES_ERROR;
				GCC_WARN_UNDECLARED_SELECTOR = YES;
				GCC_WARN_UNINITIALIZED_AUTOS = YES_AGGRESSIVE;
				GCC_WARN_UNUSED_FUNCTION = YES;
				GCC_WARN_UNUSED_VARIABLE = YES;
				IPHONEOS_DEPLOYMENT_TARGET = 14.1;
				MTL_ENABLE_DEBUG_INFO = NO;
				MTL_FAST_MATH = YES;
				SDKROOT = iphoneos;
				SWIFT_COMPILATION_MODE = wholemodule;
				SWIFT_OPTIMIZATION_LEVEL = "-O";
				VALIDATE_PRODUCT = YES;
			};
			name = Release;
		};
		45E634942670ECD50047F36C /* Debug */ = {
			isa = XCBuildConfiguration;
			buildSettings = {
				ASSETCATALOG_COMPILER_APPICON_NAME = AppIcon;
				ASSETCATALOG_COMPILER_GLOBAL_ACCENT_COLOR_NAME = AccentColor;
				CODE_SIGN_STYLE = Automatic;
				INFOPLIST_FILE = Pensamentos/Info.plist;
				LD_RUNPATH_SEARCH_PATHS = (
					"$(inherited)",
					"@executable_path/Frameworks",
				);
				PRODUCT_BUNDLE_IDENTIFIER = com.greizielegodoy.Pensamentos;
				PRODUCT_NAME = "$(TARGET_NAME)";
				SWIFT_VERSION = 5.0;
				TARGETED_DEVICE_FAMILY = 1;
			};
			name = Debug;
		};
		45E634952670ECD50047F36C /* Release */ = {
			isa = XCBuildConfiguration;
			buildSettings = {
				ASSETCATALOG_COMPILER_APPICON_NAME = AppIcon;
				ASSETCATALOG_COMPILER_GLOBAL_ACCENT_COLOR_NAME = AccentColor;
				CODE_SIGN_STYLE = Automatic;
				INFOPLIST_FILE = Pensamentos/Info.plist;
				LD_RUNPATH_SEARCH_PATHS = (
					"$(inherited)",
					"@executable_path/Frameworks",
				);
				PRODUCT_BUNDLE_IDENTIFIER = com.greizielegodoy.Pensamentos;
				PRODUCT_NAME = "$(TARGET_NAME)";
				SWIFT_VERSION = 5.0;
				TARGETED_DEVICE_FAMILY = 1;
			};
			name = Release;
		};
/* End XCBuildConfiguration section */

/* Begin XCConfigurationList section */
		45E6347A2670ECD00047F36C /* Build configuration list for PBXProject "Pensamentos" */ = {
			isa = XCConfigurationList;
			buildConfigurations = (
				45E634912670ECD50047F36C /* Debug */,
				45E634922670ECD50047F36C /* Release */,
			);
			defaultConfigurationIsVisible = 0;
			defaultConfigurationName = Release;
		};
		45E634932670ECD50047F36C /* Build configuration list for PBXNativeTarget "Pensamentos" */ = {
			isa = XCConfigurationList;
			buildConfigurations = (
				45E634942670ECD50047F36C /* Debug */,
				45E634952670ECD50047F36C /* Release */,
			);
			defaultConfigurationIsVisible = 0;
			defaultConfigurationName = Release;
		};
/* End XCConfigurationList section */
	};
	rootObject = 45E634772670ECD00047F36C /* Project object */;
}
